
Microsoft Visual Studio Solution File, Format Version 12.00
# Visual Studio 14
VisualStudioVersion = 14.0.25420.1
MinimumVisualStudioVersion = 10.0.40219.1
Project("{FAE04EC0-301F-11D3-BF4B-00C04F79EFBC}") = "Api.Dynamic", "Api.Dynamic.csproj", "{BD7B97F4-7F87-4F8D-BF99-027DEC6548CA}"
EndProject
Project("{FAE04EC0-301F-11D3-BF4B-00C04F79EFBC}") = "Api.Dynamic.Controllers.Test", "C:\Users\MrThinh\Documents\Visual Studio 2015\Projects\Api.Dynamic.Controllers.Test\Api.Dynamic.Controllers.Test.csproj", "{521F979B-529B-49AD-AEEE-A6CE676844E1}"
EndProject
Global
	GlobalSection(SolutionConfigurationPlatforms) = preSolution
		Debug|Any CPU = Debug|Any CPU
		Release|Any CPU = Release|Any CPU
	EndGlobalSection
	GlobalSection(ProjectConfigurationPlatforms) = postSolution
		{BD7B97F4-7F87-4F8D-BF99-027DEC6548CA}.Debug|Any CPU.ActiveCfg = Debug|Any CPU
		{BD7B97F4-7F87-4F8D-BF99-027DEC6548CA}.Debug|Any CPU.Build.0 = Debug|Any CPU
		{BD7B97F4-7F87-4F8D-BF99-027DEC6548CA}.Release|Any CPU.ActiveCfg = Release|Any CPU
		{BD7B97F4-7F87-4F8D-BF99-027DEC6548CA}.Release|Any CPU.Build.0 = Release|Any CPU
		{521F979B-529B-49AD-AEEE-A6CE676844E1}.Debug|Any CPU.ActiveCfg = Debug|Any CPU
		{521F979B-529B-49AD-AEEE-A6CE676844E1}.Debug|Any CPU.Build.0 = Debug|Any CPU
		{521F979B-529B-49AD-AEEE-A6CE676844E1}.Release|Any CPU.ActiveCfg = Release|Any CPU
		{521F979B-529B-49AD-AEEE-A6CE676844E1}.Release|Any CPU.Build.0 = Release|Any CPU
	EndGlobalSection
	GlobalSection(SolutionProperties) = preSolution
		HideSolutionNode = FALSE
	EndGlobalSection
EndGlobal
