
Microsoft Visual Studio Solution File, Format Version 12.00
# Visual Studio 14
VisualStudioVersion = 14.0.25420.1
MinimumVisualStudioVersion = 10.0.40219.1
Project("{FAE04EC0-301F-11D3-BF4B-00C04F79EFBC}") = "Api.Dynamic", "Api.Dynamic\Api.Dynamic.csproj", "{BD7B97F4-7F87-4F8D-BF99-027DEC6548CA}"
EndProject
Project("{FAE04EC0-301F-11D3-BF4B-00C04F79EFBC}") = "Api.Dynamic.Controllers.ExportExcel", "Api.Dynamic.Controllers.ExportExcel\Api.Dynamic.Controllers.ExportExcel.csproj", "{11DB9C17-99E6-4BF5-A025-3E29FFA311EF}"
EndProject
Project("{FAE04EC0-301F-11D3-BF4B-00C04F79EFBC}") = "NamedPipeClient", "NamedPipeClient\NamedPipeClient\NamedPipeClient.csproj", "{8153C4B3-DAB9-4B89-9671-FCA86633FB6C}"
EndProject
Project("{00D1A9C2-B5F0-4AF3-8072-F6C62B433612}") = "Database1", "DbStoreProcedurePipeClient\Database1.sqlproj", "{CAC51475-C9CA-4B91-8551-83D7F2F2753A}"
EndProject
Project("{2150E333-8FDC-42A3-9474-1A3956D46DE8}") = "Script", "Script", "{01017A6B-8550-45FA-A9D2-BD93195244AD}"
	ProjectSection(SolutionItems) = preProject
		DbStoreProcedurePipeClient\build.txt = DbStoreProcedurePipeClient\build.txt
		DbStoreProcedurePipeClient\ReadMe.txt = DbStoreProcedurePipeClient\ReadMe.txt
		DbStoreProcedurePipeClient\Script-Export.sql = DbStoreProcedurePipeClient\Script-Export.sql
	EndProjectSection
EndProject
Project("{FAE04EC0-301F-11D3-BF4B-00C04F79EFBC}") = "udpConsoleClient", "udpConsoleClient\udpConsoleClient.csproj", "{D02AB584-2A42-4F72-8B22-B055E8B4EAD8}"
EndProject
Global
	GlobalSection(SolutionConfigurationPlatforms) = preSolution
		Debug|Any CPU = Debug|Any CPU
		Release|Any CPU = Release|Any CPU
	EndGlobalSection
	GlobalSection(ProjectConfigurationPlatforms) = postSolution
		{BD7B97F4-7F87-4F8D-BF99-027DEC6548CA}.Debug|Any CPU.ActiveCfg = Debug|Any CPU
		{BD7B97F4-7F87-4F8D-BF99-027DEC6548CA}.Debug|Any CPU.Build.0 = Debug|Any CPU
		{BD7B97F4-7F87-4F8D-BF99-027DEC6548CA}.Release|Any CPU.ActiveCfg = Release|Any CPU
		{BD7B97F4-7F87-4F8D-BF99-027DEC6548CA}.Release|Any CPU.Build.0 = Release|Any CPU
		{11DB9C17-99E6-4BF5-A025-3E29FFA311EF}.Debug|Any CPU.ActiveCfg = Debug|Any CPU
		{11DB9C17-99E6-4BF5-A025-3E29FFA311EF}.Debug|Any CPU.Build.0 = Debug|Any CPU
		{11DB9C17-99E6-4BF5-A025-3E29FFA311EF}.Release|Any CPU.ActiveCfg = Release|Any CPU
		{11DB9C17-99E6-4BF5-A025-3E29FFA311EF}.Release|Any CPU.Build.0 = Release|Any CPU
		{8153C4B3-DAB9-4B89-9671-FCA86633FB6C}.Debug|Any CPU.ActiveCfg = Debug|Any CPU
		{8153C4B3-DAB9-4B89-9671-FCA86633FB6C}.Debug|Any CPU.Build.0 = Debug|Any CPU
		{8153C4B3-DAB9-4B89-9671-FCA86633FB6C}.Release|Any CPU.ActiveCfg = Release|Any CPU
		{8153C4B3-DAB9-4B89-9671-FCA86633FB6C}.Release|Any CPU.Build.0 = Release|Any CPU
		{CAC51475-C9CA-4B91-8551-83D7F2F2753A}.Debug|Any CPU.ActiveCfg = Debug|Any CPU
		{CAC51475-C9CA-4B91-8551-83D7F2F2753A}.Debug|Any CPU.Build.0 = Debug|Any CPU
		{CAC51475-C9CA-4B91-8551-83D7F2F2753A}.Debug|Any CPU.Deploy.0 = Debug|Any CPU
		{CAC51475-C9CA-4B91-8551-83D7F2F2753A}.Release|Any CPU.ActiveCfg = Release|Any CPU
		{CAC51475-C9CA-4B91-8551-83D7F2F2753A}.Release|Any CPU.Build.0 = Release|Any CPU
		{CAC51475-C9CA-4B91-8551-83D7F2F2753A}.Release|Any CPU.Deploy.0 = Release|Any CPU
		{D02AB584-2A42-4F72-8B22-B055E8B4EAD8}.Debug|Any CPU.ActiveCfg = Debug|Any CPU
		{D02AB584-2A42-4F72-8B22-B055E8B4EAD8}.Debug|Any CPU.Build.0 = Debug|Any CPU
		{D02AB584-2A42-4F72-8B22-B055E8B4EAD8}.Release|Any CPU.ActiveCfg = Release|Any CPU
		{D02AB584-2A42-4F72-8B22-B055E8B4EAD8}.Release|Any CPU.Build.0 = Release|Any CPU
	EndGlobalSection
	GlobalSection(SolutionProperties) = preSolution
		HideSolutionNode = FALSE
	EndGlobalSection
	GlobalSection(ExtensibilityGlobals) = postSolution
		SolutionGuid = {AC0DEEFD-7A69-42C7-8E4D-520BE9FEF31F}
	EndGlobalSection
EndGlobal
